{
  "name": "DatabaseSetupLocal",
  "lockfileVersion": 3,
  "requires": true,
  "packages": {
    "": {
      "dependencies": {
        "ag-grid-community": "^29.3.5"
      }
    },
    "node_modules/ag-grid-community": {
      "version": "29.3.5",
      "resolved": "https://registry.npmjs.org/ag-grid-community/-/ag-grid-community-29.3.5.tgz",
      "integrity": "sha512-LxUo21f2/CH31ACEs1C7Q/ggGGI1fQPSTB4aY5OThmM+lBkygZ7QszBE8jpfgWOIjvjdtcdIeQbmbjkHeMsA7A=="
    }
  }
}
